<?xml version="1.0" encoding="utf-8"?>
<Project ToolsVersion="4.0" xmlns="http://schemas.microsoft.com/developer/msbuild/2003">
  <ItemGroup>
    <ClCompile Include="src\main.cpp">
      <Filter>src</Filter>
    </ClCompile>
    <ClCompile Include="src\testApp.cpp">
      <Filter>src</Filter>
    </ClCompile>
    <ClCompile Include="..\..\..\addons\ofxDrawingUtils\ofxDrawingUtils.cpp">
      <Filter>addons\ofxDrawingUtils\src</Filter>
    </ClCompile>
    <ClCompile Include="..\..\..\addons\ofxKeyboardSettings\src\ofxKeyboardSettings.cpp">
      <Filter>addons\ofxKeyboardSettings\src</Filter>
    </ClCompile>
    <ClCompile Include="..\..\..\addons\ofxXmlSettings\libs\tinyxml.cpp">
      <Filter>addons\ofxXmlSettings\libs</Filter>
    </ClCompile>
    <ClCompile Include="..\..\..\addons\ofxXmlSettings\libs\tinyxmlerror.cpp">
      <Filter>addons\ofxXmlSettings\libs</Filter>
    </ClCompile>
    <ClCompile Include="..\..\..\addons\ofxXmlSettings\libs\tinyxmlparser.cpp">
      <Filter>addons\ofxXmlSettings\libs</Filter>
    </ClCompile>
    <ClCompile Include="..\..\..\addons\ofxXmlSettings\src\ofxXmlSettings.cpp">
      <Filter>addons\ofxXmlSettings\src</Filter>
    </ClCompile>
    <ClCompile Include="..\..\..\addons\ofxBox2d\libs\triangle\del_impl.cpp">
      <Filter>addons\ofxBox2d\libs\triangle</Filter>
    </ClCompile>
    <ClCompile Include="..\..\..\addons\ofxBox2d\libs\Box2D\Collision\b2BroadPhase.cpp">
      <Filter>addons\ofxBox2d\libs\Box2D\Collision</Filter>
    </ClCompile>
    <ClCompile Include="..\..\..\addons\ofxBox2d\libs\Box2D\Collision\b2CollideCircle.cpp">
      <Filter>addons\ofxBox2d\libs\Box2D\Collision</Filter>
    </ClCompile>
    <ClCompile Include="..\..\..\addons\ofxBox2d\libs\Box2D\Collision\b2CollidePolygon.cpp">
      <Filter>addons\ofxBox2d\libs\Box2D\Collision</Filter>
    </ClCompile>
    <ClCompile Include="..\..\..\addons\ofxBox2d\libs\Box2D\Collision\b2Collision.cpp">
      <Filter>addons\ofxBox2d\libs\Box2D\Collision</Filter>
    </ClCompile>
    <ClCompile Include="..\..\..\addons\ofxBox2d\libs\Box2D\Collision\b2Distance.cpp">
      <Filter>addons\ofxBox2d\libs\Box2D\Collision</Filter>
    </ClCompile>
    <ClCompile Include="..\..\..\addons\ofxBox2d\libs\Box2D\Collision\b2DynamicTree.cpp">
      <Filter>addons\ofxBox2d\libs\Box2D\Collision</Filter>
    </ClCompile>
    <ClCompile Include="..\..\..\addons\ofxBox2d\libs\Box2D\Collision\b2TimeOfImpact.cpp">
      <Filter>addons\ofxBox2d\libs\Box2D\Collision</Filter>
    </ClCompile>
    <ClCompile Include="..\..\..\addons\ofxBox2d\libs\Box2D\Collision\Shapes\b2CircleShape.cpp">
      <Filter>addons\ofxBox2d\libs\Box2D\Collision\Shapes</Filter>
    </ClCompile>
    <ClCompile Include="..\..\..\addons\ofxBox2d\libs\Box2D\Collision\Shapes\b2PolygonShape.cpp">
      <Filter>addons\ofxBox2d\libs\Box2D\Collision\Shapes</Filter>
    </ClCompile>
    <ClCompile Include="..\..\..\addons\ofxBox2d\libs\Box2D\Common\b2BlockAllocator.cpp">
      <Filter>addons\ofxBox2d\libs\Box2D\Common</Filter>
    </ClCompile>
    <ClCompile Include="..\..\..\addons\ofxBox2d\libs\Box2D\Common\b2Math.cpp">
      <Filter>addons\ofxBox2d\libs\Box2D\Common</Filter>
    </ClCompile>
    <ClCompile Include="..\..\..\addons\ofxBox2d\libs\Box2D\Common\b2Settings.cpp">
      <Filter>addons\ofxBox2d\libs\Box2D\Common</Filter>
    </ClCompile>
    <ClCompile Include="..\..\..\addons\ofxBox2d\libs\Box2D\Common\b2StackAllocator.cpp">
      <Filter>addons\ofxBox2d\libs\Box2D\Common</Filter>
    </ClCompile>
    <ClCompile Include="..\..\..\addons\ofxBox2d\libs\Box2D\Dynamics\b2Body.cpp">
      <Filter>addons\ofxBox2d\libs\Box2D\Dynamic</Filter>
    </ClCompile>
    <ClCompile Include="..\..\..\addons\ofxBox2d\libs\Box2D\Dynamics\b2ContactManager.cpp">
      <Filter>addons\ofxBox2d\libs\Box2D\Dynamic</Filter>
    </ClCompile>
    <ClCompile Include="..\..\..\addons\ofxBox2d\libs\Box2D\Dynamics\b2Fixture.cpp">
      <Filter>addons\ofxBox2d\libs\Box2D\Dynamic</Filter>
    </ClCompile>
    <ClCompile Include="..\..\..\addons\ofxBox2d\libs\Box2D\Dynamics\b2Island.cpp">
      <Filter>addons\ofxBox2d\libs\Box2D\Dynamic</Filter>
    </ClCompile>
    <ClCompile Include="..\..\..\addons\ofxBox2d\libs\Box2D\Dynamics\b2World.cpp">
      <Filter>addons\ofxBox2d\libs\Box2D\Dynamic</Filter>
    </ClCompile>
    <ClCompile Include="..\..\..\addons\ofxBox2d\libs\Box2D\Dynamics\b2WorldCallbacks.cpp">
      <Filter>addons\ofxBox2d\libs\Box2D\Dynamic</Filter>
    </ClCompile>
    <ClCompile Include="..\..\..\addons\ofxBox2d\libs\Box2D\Dynamics\Contacts\b2CircleContact.cpp">
      <Filter>addons\ofxBox2d\libs\Box2D\Dynamic\Contacts</Filter>
    </ClCompile>
    <ClCompile Include="..\..\..\addons\ofxBox2d\libs\Box2D\Dynamics\Contacts\b2Contact.cpp">
      <Filter>addons\ofxBox2d\libs\Box2D\Dynamic\Contacts</Filter>
    </ClCompile>
    <ClCompile Include="..\..\..\addons\ofxBox2d\libs\Box2D\Dynamics\Contacts\b2ContactSolver.cpp">
      <Filter>addons\ofxBox2d\libs\Box2D\Dynamic\Contacts</Filter>
    </ClCompile>
    <ClCompile Include="..\..\..\addons\ofxBox2d\libs\Box2D\Dynamics\Contacts\b2PolygonAndCircleContact.cpp">
      <Filter>addons\ofxBox2d\libs\Box2D\Dynamic\Contacts</Filter>
    </ClCompile>
    <ClCompile Include="..\..\..\addons\ofxBox2d\libs\Box2D\Dynamics\Contacts\b2PolygonContact.cpp">
      <Filter>addons\ofxBox2d\libs\Box2D\Dynamic\Contacts</Filter>
    </ClCompile>
    <ClCompile Include="..\..\..\addons\ofxBox2d\libs\Box2D\Dynamics\Contacts\b2TOISolver.cpp">
      <Filter>addons\ofxBox2d\libs\Box2D\Dynamic\Contacts</Filter>
    </ClCompile>
    <ClCompile Include="..\..\..\addons\ofxBox2d\libs\Box2D\Dynamics\Joints\b2DistanceJoint.cpp">
      <Filter>addons\ofxBox2d\libs\Box2D\Dynamic\Joints</Filter>
    </ClCompile>
    <ClCompile Include="..\..\..\addons\ofxBox2d\libs\Box2D\Dynamics\Joints\b2FrictionJoint.cpp">
      <Filter>addons\ofxBox2d\libs\Box2D\Dynamic\Joints</Filter>
    </ClCompile>
    <ClCompile Include="..\..\..\addons\ofxBox2d\libs\Box2D\Dynamics\Joints\b2GearJoint.cpp">
      <Filter>addons\ofxBox2d\libs\Box2D\Dynamic\Joints</Filter>
    </ClCompile>
    <ClCompile Include="..\..\..\addons\ofxBox2d\libs\Box2D\Dynamics\Joints\b2Joint.cpp">
      <Filter>addons\ofxBox2d\libs\Box2D\Dynamic\Joints</Filter>
    </ClCompile>
    <ClCompile Include="..\..\..\addons\ofxBox2d\libs\Box2D\Dynamics\Joints\b2LineJoint.cpp">
      <Filter>addons\ofxBox2d\libs\Box2D\Dynamic\Joints</Filter>
    </ClCompile>
    <ClCompile Include="..\..\..\addons\ofxBox2d\libs\Box2D\Dynamics\Joints\b2MouseJoint.cpp">
      <Filter>addons\ofxBox2d\libs\Box2D\Dynamic\Joints</Filter>
    </ClCompile>
    <ClCompile Include="..\..\..\addons\ofxBox2d\libs\Box2D\Dynamics\Joints\b2PrismaticJoint.cpp">
      <Filter>addons\ofxBox2d\libs\Box2D\Dynamic\Joints</Filter>
    </ClCompile>
    <ClCompile Include="..\..\..\addons\ofxBox2d\libs\Box2D\Dynamics\Joints\b2PulleyJoint.cpp">
      <Filter>addons\ofxBox2d\libs\Box2D\Dynamic\Joints</Filter>
    </ClCompile>
    <ClCompile Include="..\..\..\addons\ofxBox2d\libs\Box2D\Dynamics\Joints\b2RevoluteJoint.cpp">
      <Filter>addons\ofxBox2d\libs\Box2D\Dynamic\Joints</Filter>
    </ClCompile>
    <ClCompile Include="..\..\..\addons\ofxBox2d\libs\Box2D\Dynamics\Joints\b2WeldJoint.cpp">
      <Filter>addons\ofxBox2d\libs\Box2D\Dynamic\Joints</Filter>
    </ClCompile>
    <ClCompile Include="..\..\..\addons\ofxBox2d\src\ofxBox2d.cpp">
      <Filter>addons\ofxBox2d\src</Filter>
    </ClCompile>
    <ClCompile Include="..\..\..\addons\ofxBox2d\src\ofxBox2dBaseShape.cpp">
      <Filter>addons\ofxBox2d\src</Filter>
    </ClCompile>
    <ClCompile Include="..\..\..\addons\ofxBox2d\src\ofxBox2dCircle.cpp">
      <Filter>addons\ofxBox2d\src</Filter>
    </ClCompile>
    <ClCompile Include="..\..\..\addons\ofxBox2d\src\ofxBox2dJoint.cpp">
      <Filter>addons\ofxBox2d\src</Filter>
    </ClCompile>
    <ClCompile Include="..\..\..\addons\ofxBox2d\src\ofxBox2dPolygon.cpp">
      <Filter>addons\ofxBox2d\src</Filter>
    </ClCompile>
    <ClCompile Include="..\..\..\addons\ofxBox2d\src\ofxBox2dRect.cpp">
      <Filter>addons\ofxBox2d\src</Filter>
    </ClCompile>
  </ItemGroup>
  <ItemGroup>
    <Filter Include="src">
      <UniqueIdentifier>{201d8c0e-7382-4db2-b0a5-f6a6244352c8}</UniqueIdentifier>
    </Filter>
    <Filter Include="addons">
      <UniqueIdentifier>{388576bd-1a81-4daf-a1f9-8b2ae26b409c}</UniqueIdentifier>
    </Filter>
    <Filter Include="addons\ofxKeyboardSettings">
      <UniqueIdentifier>{7cc08f17-00f4-4e60-8937-b63c785747ba}</UniqueIdentifier>
    </Filter>
    <Filter Include="addons\ofxKeyboardSettings\src">
      <UniqueIdentifier>{56f8962f-5c4c-4164-9349-15ece23df166}</UniqueIdentifier>
    </Filter>
    <Filter Include="addons\ofxXmlSettings">
      <UniqueIdentifier>{ef9cd2d7-bbaf-4129-af54-79b44756da3b}</UniqueIdentifier>
    </Filter>
    <Filter Include="addons\ofxXmlSettings\src">
      <UniqueIdentifier>{68199a0f-178a-416c-b5bb-b0037623b3ba}</UniqueIdentifier>
    </Filter>
    <Filter Include="addons\ofxXmlSettings\libs">
      <UniqueIdentifier>{2580e1c7-6214-4e38-ad91-5ca25642107e}</UniqueIdentifier>
    </Filter>
    <Filter Include="addons\ofxDrawingUtils">
      <UniqueIdentifier>{5d504270-9fb7-48ac-b461-a6295addf16c}</UniqueIdentifier>
    </Filter>
    <Filter Include="addons\ofxDrawingUtils\src">
      <UniqueIdentifier>{8591c9a4-939e-48c1-8547-167e823b5242}</UniqueIdentifier>
    </Filter>
    <Filter Include="addons\ofxBox2d">
      <UniqueIdentifier>{09944284-8a4c-452f-bab4-cd00d5f791d0}</UniqueIdentifier>
    </Filter>
    <Filter Include="addons\ofxBox2d\libs">
      <UniqueIdentifier>{fc42f086-ae50-4177-8688-5bb414bae602}</UniqueIdentifier>
    </Filter>
    <Filter Include="addons\ofxBox2d\src">
      <UniqueIdentifier>{42cbd10a-d044-4e2f-acd1-1484ea1ad355}</UniqueIdentifier>
    </Filter>
    <Filter Include="addons\ofxBox2d\libs\triangle">
      <UniqueIdentifier>{ceac3183-b1b6-4481-9bce-17d81cd63e9b}</UniqueIdentifier>
    </Filter>
    <Filter Include="addons\ofxBox2d\libs\Box2D">
      <UniqueIdentifier>{01f5c9dc-903d-409a-8b21-3f324a25e1f3}</UniqueIdentifier>
    </Filter>
    <Filter Include="addons\ofxBox2d\libs\Box2D\Collision">
      <UniqueIdentifier>{a0ec4749-6473-46ae-8be0-8469c94b4fc1}</UniqueIdentifier>
    </Filter>
    <Filter Include="addons\ofxBox2d\libs\Box2D\Common">
      <UniqueIdentifier>{0ff72fe1-168b-48ee-ae64-b30f3aa94d9d}</UniqueIdentifier>
    </Filter>
    <Filter Include="addons\ofxBox2d\libs\Box2D\Dynamic">
      <UniqueIdentifier>{414729c5-c9a9-4a42-a554-707450b58573}</UniqueIdentifier>
    </Filter>
    <Filter Include="addons\ofxBox2d\libs\Box2D\Collision\Shapes">
      <UniqueIdentifier>{11b03d64-dfc7-4b28-bb01-81b151df10ed}</UniqueIdentifier>
    </Filter>
    <Filter Include="addons\ofxBox2d\libs\Box2D\Dynamic\Contacts">
      <UniqueIdentifier>{dab44112-cef0-45a3-9f46-b8edd63f4dbd}</UniqueIdentifier>
    </Filter>
    <Filter Include="addons\ofxBox2d\libs\Box2D\Dynamic\Joints">
      <UniqueIdentifier>{48536285-3f10-44b2-af3f-18945f3f522e}</UniqueIdentifier>
    </Filter>
  </ItemGroup>
  <ItemGroup>
    <ClInclude Include="src\testApp.h">
      <Filter>src</Filter>
    </ClInclude>
    <ClInclude Include="..\..\..\addons\ofxDrawingUtils\ofxDrawingUtils.h">
      <Filter>addons\ofxDrawingUtils\src</Filter>
    </ClInclude>
    <ClInclude Include="..\..\..\addons\ofxKeyboardSettings\src\ofxKeyboardSettings.h">
      <Filter>addons\ofxKeyboardSettings\src</Filter>
    </ClInclude>
    <ClInclude Include="..\..\..\addons\ofxXmlSettings\libs\tinyxml.h">
      <Filter>addons\ofxXmlSettings\libs</Filter>
    </ClInclude>
    <ClInclude Include="..\..\..\addons\ofxXmlSettings\src\ofxXmlSettings.h">
      <Filter>addons\ofxXmlSettings\src</Filter>
    </ClInclude>
    <ClInclude Include="..\..\..\addons\ofxBox2d\libs\triangle\triangle_impl.hpp">
      <Filter>addons\ofxBox2d\libs\triangle</Filter>
    </ClInclude>
    <ClInclude Include="..\..\..\addons\ofxBox2d\libs\triangle\assert.hpp">
      <Filter>addons\ofxBox2d\libs\triangle</Filter>
    </ClInclude>
    <ClInclude Include="..\..\..\addons\ofxBox2d\libs\triangle\del_interface.hpp">
      <Filter>addons\ofxBox2d\libs\triangle</Filter>
    </ClInclude>
    <ClInclude Include="..\..\..\addons\ofxBox2d\libs\triangle\dpoint.hpp">
      <Filter>addons\ofxBox2d\libs\triangle</Filter>
    </ClInclude>
    <ClInclude Include="..\..\..\addons\ofxBox2d\libs\triangle\triangle.h">
      <Filter>addons\ofxBox2d\libs\triangle</Filter>
    </ClInclude>
    <ClInclude Include="..\..\..\addons\ofxBox2d\libs\Box2D\Box2D.h">
      <Filter>addons\ofxBox2d\libs\Box2D</Filter>
    </ClInclude>
    <ClInclude Include="..\..\..\addons\ofxBox2d\libs\Box2D\Collision\b2BroadPhase.h">
      <Filter>addons\ofxBox2d\libs\Box2D\Collision</Filter>
    </ClInclude>
    <ClInclude Include="..\..\..\addons\ofxBox2d\libs\Box2D\Collision\b2Collision.h">
      <Filter>addons\ofxBox2d\libs\Box2D\Collision</Filter>
    </ClInclude>
    <ClInclude Include="..\..\..\addons\ofxBox2d\libs\Box2D\Collision\b2Distance.h">
      <Filter>addons\ofxBox2d\libs\Box2D\Collision</Filter>
    </ClInclude>
    <ClInclude Include="..\..\..\addons\ofxBox2d\libs\Box2D\Collision\b2DynamicTree.h">
      <Filter>addons\ofxBox2d\libs\Box2D\Collision</Filter>
    </ClInclude>
    <ClInclude Include="..\..\..\addons\ofxBox2d\libs\Box2D\Collision\b2TimeOfImpact.h">
      <Filter>addons\ofxBox2d\libs\Box2D\Collision</Filter>
    </ClInclude>
    <ClInclude Include="..\..\..\addons\ofxBox2d\libs\Box2D\Collision\Shapes\b2CircleShape.h">
      <Filter>addons\ofxBox2d\libs\Box2D\Collision\Shapes</Filter>
    </ClInclude>
    <ClInclude Include="..\..\..\addons\ofxBox2d\libs\Box2D\Collision\Shapes\b2PolygonShape.h">
      <Filter>addons\ofxBox2d\libs\Box2D\Collision\Shapes</Filter>
    </ClInclude>
    <ClInclude Include="..\..\..\addons\ofxBox2d\libs\Box2D\Collision\Shapes\b2Shape.h">
      <Filter>addons\ofxBox2d\libs\Box2D\Collision\Shapes</Filter>
    </ClInclude>
    <ClInclude Include="..\..\..\addons\ofxBox2d\libs\Box2D\Common\b2BlockAllocator.h">
      <Filter>addons\ofxBox2d\libs\Box2D\Common</Filter>
    </ClInclude>
    <ClInclude Include="..\..\..\addons\ofxBox2d\libs\Box2D\Common\b2Math.h">
      <Filter>addons\ofxBox2d\libs\Box2D\Common</Filter>
    </ClInclude>
    <ClInclude Include="..\..\..\addons\ofxBox2d\libs\Box2D\Common\b2Settings.h">
      <Filter>addons\ofxBox2d\libs\Box2D\Common</Filter>
    </ClInclude>
    <ClInclude Include="..\..\..\addons\ofxBox2d\libs\Box2D\Common\b2StackAllocator.h">
      <Filter>addons\ofxBox2d\libs\Box2D\Common</Filter>
    </ClInclude>
    <ClInclude Include="..\..\..\addons\ofxBox2d\libs\Box2D\Dynamics\b2Body.h">
      <Filter>addons\ofxBox2d\libs\Box2D\Dynamic</Filter>
    </ClInclude>
    <ClInclude Include="..\..\..\addons\ofxBox2d\libs\Box2D\Dynamics\b2ContactManager.h">
      <Filter>addons\ofxBox2d\libs\Box2D\Dynamic</Filter>
    </ClInclude>
    <ClInclude Include="..\..\..\addons\ofxBox2d\libs\Box2D\Dynamics\b2Fixture.h">
      <Filter>addons\ofxBox2d\libs\Box2D\Dynamic</Filter>
    </ClInclude>
    <ClInclude Include="..\..\..\addons\ofxBox2d\libs\Box2D\Dynamics\b2Island.h">
      <Filter>addons\ofxBox2d\libs\Box2D\Dynamic</Filter>
    </ClInclude>
    <ClInclude Include="..\..\..\addons\ofxBox2d\libs\Box2D\Dynamics\b2TimeStep.h">
      <Filter>addons\ofxBox2d\libs\Box2D\Dynamic</Filter>
    </ClInclude>
    <ClInclude Include="..\..\..\addons\ofxBox2d\libs\Box2D\Dynamics\b2World.h">
      <Filter>addons\ofxBox2d\libs\Box2D\Dynamic</Filter>
    </ClInclude>
    <ClInclude Include="..\..\..\addons\ofxBox2d\libs\Box2D\Dynamics\b2WorldCallbacks.h">
      <Filter>addons\ofxBox2d\libs\Box2D\Dynamic</Filter>
    </ClInclude>
    <ClInclude Include="..\..\..\addons\ofxBox2d\libs\Box2D\Dynamics\Contacts\b2CircleContact.h">
      <Filter>addons\ofxBox2d\libs\Box2D\Dynamic\Contacts</Filter>
    </ClInclude>
    <ClInclude Include="..\..\..\addons\ofxBox2d\libs\Box2D\Dynamics\Contacts\b2Contact.h">
      <Filter>addons\ofxBox2d\libs\Box2D\Dynamic\Contacts</Filter>
    </ClInclude>
    <ClInclude Include="..\..\..\addons\ofxBox2d\libs\Box2D\Dynamics\Contacts\b2ContactSolver.h">
      <Filter>addons\ofxBox2d\libs\Box2D\Dynamic\Contacts</Filter>
    </ClInclude>
    <ClInclude Include="..\..\..\addons\ofxBox2d\libs\Box2D\Dynamics\Contacts\b2PolygonAndCircleContact.h">
      <Filter>addons\ofxBox2d\libs\Box2D\Dynamic\Contacts</Filter>
    </ClInclude>
    <ClInclude Include="..\..\..\addons\ofxBox2d\libs\Box2D\Dynamics\Contacts\b2PolygonContact.h">
      <Filter>addons\ofxBox2d\libs\Box2D\Dynamic\Contacts</Filter>
    </ClInclude>
    <ClInclude Include="..\..\..\addons\ofxBox2d\libs\Box2D\Dynamics\Contacts\b2TOISolver.h">
      <Filter>addons\ofxBox2d\libs\Box2D\Dynamic\Contacts</Filter>
    </ClInclude>
    <ClInclude Include="..\..\..\addons\ofxBox2d\libs\Box2D\Dynamics\Joints\b2DistanceJoint.h">
      <Filter>addons\ofxBox2d\libs\Box2D\Dynamic\Joints</Filter>
    </ClInclude>
    <ClInclude Include="..\..\..\addons\ofxBox2d\libs\Box2D\Dynamics\Joints\b2FrictionJoint.h">
      <Filter>addons\ofxBox2d\libs\Box2D\Dynamic\Joints</Filter>
    </ClInclude>
    <ClInclude Include="..\..\..\addons\ofxBox2d\libs\Box2D\Dynamics\Joints\b2GearJoint.h">
      <Filter>addons\ofxBox2d\libs\Box2D\Dynamic\Joints</Filter>
    </ClInclude>
    <ClInclude Include="..\..\..\addons\ofxBox2d\libs\Box2D\Dynamics\Joints\b2Joint.h">
      <Filter>addons\ofxBox2d\libs\Box2D\Dynamic\Joints</Filter>
    </ClInclude>
    <ClInclude Include="..\..\..\addons\ofxBox2d\libs\Box2D\Dynamics\Joints\b2LineJoint.h">
      <Filter>addons\ofxBox2d\libs\Box2D\Dynamic\Joints</Filter>
    </ClInclude>
    <ClInclude Include="..\..\..\addons\ofxBox2d\libs\Box2D\Dynamics\Joints\b2MouseJoint.h">
      <Filter>addons\ofxBox2d\libs\Box2D\Dynamic\Joints</Filter>
    </ClInclude>
    <ClInclude Include="..\..\..\addons\ofxBox2d\libs\Box2D\Dynamics\Joints\b2PrismaticJoint.h">
      <Filter>addons\ofxBox2d\libs\Box2D\Dynamic\Joints</Filter>
    </ClInclude>
    <ClInclude Include="..\..\..\addons\ofxBox2d\libs\Box2D\Dynamics\Joints\b2PulleyJoint.h">
      <Filter>addons\ofxBox2d\libs\Box2D\Dynamic\Joints</Filter>
    </ClInclude>
    <ClInclude Include="..\..\..\addons\ofxBox2d\libs\Box2D\Dynamics\Joints\b2RevoluteJoint.h">
      <Filter>addons\ofxBox2d\libs\Box2D\Dynamic\Joints</Filter>
    </ClInclude>
    <ClInclude Include="..\..\..\addons\ofxBox2d\libs\Box2D\Dynamics\Joints\b2WeldJoint.h">
      <Filter>addons\ofxBox2d\libs\Box2D\Dynamic\Joints</Filter>
    </ClInclude>
    <ClInclude Include="..\..\..\addons\ofxBox2d\src\ofxBox2d.h">
      <Filter>addons\ofxBox2d\src</Filter>
    </ClInclude>
    <ClInclude Include="..\..\..\addons\ofxBox2d\src\ofxBox2dBaseShape.h">
      <Filter>addons\ofxBox2d\src</Filter>
    </ClInclude>
    <ClInclude Include="..\..\..\addons\ofxBox2d\src\ofxBox2dCircle.h">
      <Filter>addons\ofxBox2d\src</Filter>
    </ClInclude>
    <ClInclude Include="..\..\..\addons\ofxBox2d\src\ofxBox2dContactListener.h">
      <Filter>addons\ofxBox2d\src</Filter>
    </ClInclude>
    <ClInclude Include="..\..\..\addons\ofxBox2d\src\ofxBox2dJoint.h">
      <Filter>addons\ofxBox2d\src</Filter>
    </ClInclude>
    <ClInclude Include="..\..\..\addons\ofxBox2d\src\ofxBox2dPolygon.h">
      <Filter>addons\ofxBox2d\src</Filter>
    </ClInclude>
    <ClInclude Include="..\..\..\addons\ofxBox2d\src\ofxBox2dPolygonUtils.h">
      <Filter>addons\ofxBox2d\src</Filter>
    </ClInclude>
    <ClInclude Include="..\..\..\addons\ofxBox2d\src\ofxBox2dRect.h">
      <Filter>addons\ofxBox2d\src</Filter>
    </ClInclude>
    <ClInclude Include="..\..\..\addons\ofxBox2d\src\ofxBox2dRender.h">
      <Filter>addons\ofxBox2d\src</Filter>
    </ClInclude>
    <ClInclude Include="..\..\..\addons\ofxBox2d\src\ofxBox2dUtils.h">
      <Filter>addons\ofxBox2d\src</Filter>
    </ClInclude>
  </ItemGroup>
</Project>